
Microsoft Visual Studio Solution File, Format Version 12.00
# Visual Studio Version 16
VisualStudioVersion = 16.0.29418.71
MinimumVisualStudioVersion = 10.0.40219.1
Project("{FAE04EC0-301F-11D3-BF4B-00C04F79EFBC}") = "ProjetoFinalPromocoes", "ProjetoFinalPromocoes\ProjetoFinalPromocoes.csproj", "{18F8000A-69BB-453B-BC59-89233EF78BFB}"
EndProject
Project("{FAE04EC0-301F-11D3-BF4B-00C04F79EFBC}") = "Servico", "Servico\Servico.csproj", "{5F7A03F2-D54A-4822-BCC0-ECCB493B58AA}"
EndProject
Global
	GlobalSection(SolutionConfigurationPlatforms) = preSolution
		Debug|Any CPU = Debug|Any CPU
		Release|Any CPU = Release|Any CPU
	EndGlobalSection
	GlobalSection(ProjectConfigurationPlatforms) = postSolution
		{18F8000A-69BB-453B-BC59-89233EF78BFB}.Debug|Any CPU.ActiveCfg = Debug|Any CPU
		{18F8000A-69BB-453B-BC59-89233EF78BFB}.Debug|Any CPU.Build.0 = Debug|Any CPU
		{18F8000A-69BB-453B-BC59-89233EF78BFB}.Release|Any CPU.ActiveCfg = Release|Any CPU
		{18F8000A-69BB-453B-BC59-89233EF78BFB}.Release|Any CPU.Build.0 = Release|Any CPU
		{5F7A03F2-D54A-4822-BCC0-ECCB493B58AA}.Debug|Any CPU.ActiveCfg = Debug|Any CPU
		{5F7A03F2-D54A-4822-BCC0-ECCB493B58AA}.Debug|Any CPU.Build.0 = Debug|Any CPU
		{5F7A03F2-D54A-4822-BCC0-ECCB493B58AA}.Release|Any CPU.ActiveCfg = Release|Any CPU
		{5F7A03F2-D54A-4822-BCC0-ECCB493B58AA}.Release|Any CPU.Build.0 = Release|Any CPU
	EndGlobalSection
	GlobalSection(SolutionProperties) = preSolution
		HideSolutionNode = FALSE
	EndGlobalSection
	GlobalSection(ExtensibilityGlobals) = postSolution
		SolutionGuid = {170117A4-3464-4150-97FF-2DA8AA3FF846}
	EndGlobalSection
EndGlobal
